
Microsoft Visual Studio Solution File, Format Version 12.00
# Visual Studio 15
VisualStudioVersion = 15.0.28307.1209
MinimumVisualStudioVersion = 10.0.40219.1
Project("{FAE04EC0-301F-11D3-BF4B-00C04F79EFBC}") = "frontendOlimpiada", "frontendOlimpiada\frontendOlimpiada.csproj", "{07336234-5099-4377-8927-6634EEA8F6BB}"
EndProject
Project("{FAE04EC0-301F-11D3-BF4B-00C04F79EFBC}") = "OlimpiadaUtil", "OlimpiadaUtil\OlimpiadaUtil.csproj", "{B647F40D-2DF9-4868-80B2-477E90428958}"
EndProject
Project("{FAE04EC0-301F-11D3-BF4B-00C04F79EFBC}") = "OlimpiadaED", "OlimpiadaED\OlimpiadaED.csproj", "{906881CD-0EE9-4C15-9418-150F07242172}"
EndProject
Global
	GlobalSection(SolutionConfigurationPlatforms) = preSolution
		Debug|Any CPU = Debug|Any CPU
		Release|Any CPU = Release|Any CPU
	EndGlobalSection
	GlobalSection(ProjectConfigurationPlatforms) = postSolution
		{07336234-5099-4377-8927-6634EEA8F6BB}.Debug|Any CPU.ActiveCfg = Debug|Any CPU
		{07336234-5099-4377-8927-6634EEA8F6BB}.Debug|Any CPU.Build.0 = Debug|Any CPU
		{07336234-5099-4377-8927-6634EEA8F6BB}.Release|Any CPU.ActiveCfg = Release|Any CPU
		{07336234-5099-4377-8927-6634EEA8F6BB}.Release|Any CPU.Build.0 = Release|Any CPU
		{B647F40D-2DF9-4868-80B2-477E90428958}.Debug|Any CPU.ActiveCfg = Debug|Any CPU
		{B647F40D-2DF9-4868-80B2-477E90428958}.Debug|Any CPU.Build.0 = Debug|Any CPU
		{B647F40D-2DF9-4868-80B2-477E90428958}.Release|Any CPU.ActiveCfg = Release|Any CPU
		{B647F40D-2DF9-4868-80B2-477E90428958}.Release|Any CPU.Build.0 = Release|Any CPU
		{906881CD-0EE9-4C15-9418-150F07242172}.Debug|Any CPU.ActiveCfg = Debug|Any CPU
		{906881CD-0EE9-4C15-9418-150F07242172}.Debug|Any CPU.Build.0 = Debug|Any CPU
		{906881CD-0EE9-4C15-9418-150F07242172}.Release|Any CPU.ActiveCfg = Release|Any CPU
		{906881CD-0EE9-4C15-9418-150F07242172}.Release|Any CPU.Build.0 = Release|Any CPU
	EndGlobalSection
	GlobalSection(SolutionProperties) = preSolution
		HideSolutionNode = FALSE
	EndGlobalSection
	GlobalSection(ExtensibilityGlobals) = postSolution
		SolutionGuid = {6EC6419B-8EA4-4FE7-A803-406216AD4025}
	EndGlobalSection
EndGlobal
