
Microsoft Visual Studio Solution File, Format Version 12.00
# Visual Studio 15
VisualStudioVersion = 15.0.28307.1209
MinimumVisualStudioVersion = 10.0.40219.1
Project("{FAE04EC0-301F-11D3-BF4B-00C04F79EFBC}") = "backendOlimpiada", "backendOlimpiada\backendOlimpiada.csproj", "{C1834175-DB20-4426-88AA-EF72F0560F10}"
EndProject
Project("{FAE04EC0-301F-11D3-BF4B-00C04F79EFBC}") = "OlimpiadaAD", "OlimpiadaAD\OlimpiadaAD.csproj", "{3C017B21-CEEE-4201-B0C4-CA666D0153D9}"
EndProject
Project("{FAE04EC0-301F-11D3-BF4B-00C04F79EFBC}") = "OlimpiadaED", "OlimpiadaED\OlimpiadaED.csproj", "{95209E7B-6825-4A48-9C1F-21FD66BF0B99}"
EndProject
Project("{FAE04EC0-301F-11D3-BF4B-00C04F79EFBC}") = "OlimpiadaTD", "OlimpiadaTD\OlimpiadaTD.csproj", "{F91DC6B0-9B85-4416-A7DB-A36AAD5AA0EC}"
EndProject
Global
	GlobalSection(SolutionConfigurationPlatforms) = preSolution
		Debug|Any CPU = Debug|Any CPU
		Release|Any CPU = Release|Any CPU
	EndGlobalSection
	GlobalSection(ProjectConfigurationPlatforms) = postSolution
		{C1834175-DB20-4426-88AA-EF72F0560F10}.Debug|Any CPU.ActiveCfg = Debug|Any CPU
		{C1834175-DB20-4426-88AA-EF72F0560F10}.Debug|Any CPU.Build.0 = Debug|Any CPU
		{C1834175-DB20-4426-88AA-EF72F0560F10}.Release|Any CPU.ActiveCfg = Release|Any CPU
		{C1834175-DB20-4426-88AA-EF72F0560F10}.Release|Any CPU.Build.0 = Release|Any CPU
		{3C017B21-CEEE-4201-B0C4-CA666D0153D9}.Debug|Any CPU.ActiveCfg = Debug|Any CPU
		{3C017B21-CEEE-4201-B0C4-CA666D0153D9}.Debug|Any CPU.Build.0 = Debug|Any CPU
		{3C017B21-CEEE-4201-B0C4-CA666D0153D9}.Release|Any CPU.ActiveCfg = Release|Any CPU
		{3C017B21-CEEE-4201-B0C4-CA666D0153D9}.Release|Any CPU.Build.0 = Release|Any CPU
		{95209E7B-6825-4A48-9C1F-21FD66BF0B99}.Debug|Any CPU.ActiveCfg = Debug|Any CPU
		{95209E7B-6825-4A48-9C1F-21FD66BF0B99}.Debug|Any CPU.Build.0 = Debug|Any CPU
		{95209E7B-6825-4A48-9C1F-21FD66BF0B99}.Release|Any CPU.ActiveCfg = Release|Any CPU
		{95209E7B-6825-4A48-9C1F-21FD66BF0B99}.Release|Any CPU.Build.0 = Release|Any CPU
		{F91DC6B0-9B85-4416-A7DB-A36AAD5AA0EC}.Debug|Any CPU.ActiveCfg = Debug|Any CPU
		{F91DC6B0-9B85-4416-A7DB-A36AAD5AA0EC}.Debug|Any CPU.Build.0 = Debug|Any CPU
		{F91DC6B0-9B85-4416-A7DB-A36AAD5AA0EC}.Release|Any CPU.ActiveCfg = Release|Any CPU
		{F91DC6B0-9B85-4416-A7DB-A36AAD5AA0EC}.Release|Any CPU.Build.0 = Release|Any CPU
	EndGlobalSection
	GlobalSection(SolutionProperties) = preSolution
		HideSolutionNode = FALSE
	EndGlobalSection
	GlobalSection(ExtensibilityGlobals) = postSolution
		SolutionGuid = {9220A9AE-CDE3-4E77-9E27-66CAA870FBBF}
	EndGlobalSection
EndGlobal
